
Microsoft Visual Studio Solution File, Format Version 12.00
# Visual Studio Version 17
VisualStudioVersion = 17.5.002.0
MinimumVisualStudioVersion = 10.0.40219.1
Project("{9A19103F-16F7-4668-BE54-9A1E7A4F7556}") = "WpfApplication1", "WpfApplication1.csproj", "{8C3D3779-5900-440E-92F3-DCC26E7DC0E6}"
EndProject
Global
	GlobalSection(SolutionConfigurationPlatforms) = preSolution
		Debug|Any CPU = Debug|Any CPU
		Release|Any CPU = Release|Any CPU
	EndGlobalSection
	GlobalSection(ProjectConfigurationPlatforms) = postSolution
		{8C3D3779-5900-440E-92F3-DCC26E7DC0E6}.Debug|Any CPU.ActiveCfg = Debug|Any CPU
		{8C3D3779-5900-440E-92F3-DCC26E7DC0E6}.Debug|Any CPU.Build.0 = Debug|Any CPU
		{8C3D3779-5900-440E-92F3-DCC26E7DC0E6}.Release|Any CPU.ActiveCfg = Release|Any CPU
		{8C3D3779-5900-440E-92F3-DCC26E7DC0E6}.Release|Any CPU.Build.0 = Release|Any CPU
	EndGlobalSection
	GlobalSection(SolutionProperties) = preSolution
		HideSolutionNode = FALSE
	EndGlobalSection
	GlobalSection(ExtensibilityGlobals) = postSolution
		SolutionGuid = {FFE7A6E5-AA2D-433F-83D1-884AECDE84BA}
	EndGlobalSection
EndGlobal
